
Microsoft Visual Studio Solution File, Format Version 12.00
# Visual Studio Version 17
VisualStudioVersion = 17.13.35806.99 d17.13
MinimumVisualStudioVersion = 10.0.40219.1
Project("{FAE04EC0-301F-11D3-BF4B-00C04F79EFBC}") = "HumanClassLib", "HumanClassLib\HumanClassLib.csproj", "{C92EF11C-7691-4667-9BE2-F162B9AEB0FB}"
EndProject
Project("{FAE04EC0-301F-11D3-BF4B-00C04F79EFBC}") = "TestHumanApp", "TestHumanApp\TestHumanApp.csproj", "{0BC3C966-BD01-4BA3-80BE-AF4F00CD46B8}"
EndProject
Global
	GlobalSection(SolutionConfigurationPlatforms) = preSolution
		Debug|Any CPU = Debug|Any CPU
		Release|Any CPU = Release|Any CPU
	EndGlobalSection
	GlobalSection(ProjectConfigurationPlatforms) = postSolution
		{C92EF11C-7691-4667-9BE2-F162B9AEB0FB}.Debug|Any CPU.ActiveCfg = Debug|Any CPU
		{C92EF11C-7691-4667-9BE2-F162B9AEB0FB}.Debug|Any CPU.Build.0 = Debug|Any CPU
		{C92EF11C-7691-4667-9BE2-F162B9AEB0FB}.Release|Any CPU.ActiveCfg = Release|Any CPU
		{C92EF11C-7691-4667-9BE2-F162B9AEB0FB}.Release|Any CPU.Build.0 = Release|Any CPU
		{0BC3C966-BD01-4BA3-80BE-AF4F00CD46B8}.Debug|Any CPU.ActiveCfg = Debug|Any CPU
		{0BC3C966-BD01-4BA3-80BE-AF4F00CD46B8}.Debug|Any CPU.Build.0 = Debug|Any CPU
		{0BC3C966-BD01-4BA3-80BE-AF4F00CD46B8}.Release|Any CPU.ActiveCfg = Release|Any CPU
		{0BC3C966-BD01-4BA3-80BE-AF4F00CD46B8}.Release|Any CPU.Build.0 = Release|Any CPU
	EndGlobalSection
	GlobalSection(SolutionProperties) = preSolution
		HideSolutionNode = FALSE
	EndGlobalSection
	GlobalSection(ExtensibilityGlobals) = postSolution
		SolutionGuid = {1F2BC55A-3DFB-4DE1-BF49-97F0C74B709C}
	EndGlobalSection
EndGlobal
